// !$*UTF8*$!
{
	archiveVersion = 1;
	classes = {
	};
	objectVersion = 51;
	objects = {

/* Begin PBXBuildFile section */
		1115D7D724A2845E008737B9 /* CommonForecastInfoScrollView.swift in Sources */ = {isa = PBXBuildFile; fileRef = 1115D7D624A2845E008737B9 /* CommonForecastInfoScrollView.swift */; };
		1115D7D924A28542008737B9 /* DailyForecastInfoScrollView.swift in Sources */ = {isa = PBXBuildFile; fileRef = 1115D7D824A28542008737B9 /* DailyForecastInfoScrollView.swift */; };
		113F77432499132F003AA0DF /* AppDelegate.swift in Sources */ = {isa = PBXBuildFile; fileRef = 113F77422499132F003AA0DF /* AppDelegate.swift */; };
		113F77452499132F003AA0DF /* SceneDelegate.swift in Sources */ = {isa = PBXBuildFile; fileRef = 113F77442499132F003AA0DF /* SceneDelegate.swift */; };
		113F77472499132F003AA0DF /* SignInView.swift in Sources */ = {isa = PBXBuildFile; fileRef = 113F77462499132F003AA0DF /* SignInView.swift */; };
		113F774A2499132F003AA0DF /* Main.storyboard in Resources */ = {isa = PBXBuildFile; fileRef = 113F77482499132F003AA0DF /* Main.storyboard */; };
		113F774C24991336003AA0DF /* Assets.xcassets in Resources */ = {isa = PBXBuildFile; fileRef = 113F774B24991336003AA0DF /* Assets.xcassets */; };
		113F774F24991336003AA0DF /* LaunchScreen.storyboard in Resources */ = {isa = PBXBuildFile; fileRef = 113F774D24991336003AA0DF /* LaunchScreen.storyboard */; };
		1142E4CE249E351600B8185B /* Forecast.swift in Sources */ = {isa = PBXBuildFile; fileRef = 1142E4CD249E351600B8185B /* Forecast.swift */; };
		1142E4D0249E6E4100B8185B /* Extensions.swift in Sources */ = {isa = PBXBuildFile; fileRef = 1142E4CF249E6E4100B8185B /* Extensions.swift */; };
		1143148B249BA25400F75B33 /* MainView.swift in Sources */ = {isa = PBXBuildFile; fileRef = 1143148A249BA25400F75B33 /* MainView.swift */; };
		114EA806249D178100C6EAF1 /* ForecastType.swift in Sources */ = {isa = PBXBuildFile; fileRef = 114EA805249D178100C6EAF1 /* ForecastType.swift */; };
		114EA808249D1A9700C6EAF1 /* ForecastTypeCell.swift in Sources */ = {isa = PBXBuildFile; fileRef = 114EA807249D1A9700C6EAF1 /* ForecastTypeCell.swift */; };
		114FB0D8249D019A003CC3FD /* MainViewModel.swift in Sources */ = {isa = PBXBuildFile; fileRef = 114FB0D7249D019A003CC3FD /* MainViewModel.swift */; };
		114FB0DC249D03F1003CC3FD /* OpenSans-Regular.ttf in Resources */ = {isa = PBXBuildFile; fileRef = 114FB0DA249D03F1003CC3FD /* OpenSans-Regular.ttf */; };
		114FB0DD249D03F1003CC3FD /* OpenSans-Bold.ttf in Resources */ = {isa = PBXBuildFile; fileRef = 114FB0DB249D03F1003CC3FD /* OpenSans-Bold.ttf */; };
		11746BA024A96EC9003CD8F6 /* SideMenuItem.swift in Sources */ = {isa = PBXBuildFile; fileRef = 11746B9F24A96EC9003CD8F6 /* SideMenuItem.swift */; };
		11746BA224A97EFE003CD8F6 /* LocationStatus.swift in Sources */ = {isa = PBXBuildFile; fileRef = 11746BA124A97EFE003CD8F6 /* LocationStatus.swift */; };
		117C7D81249D1024007AF7F2 /* WeatherInfoView.swift in Sources */ = {isa = PBXBuildFile; fileRef = 117C7D80249D1024007AF7F2 /* WeatherInfoView.swift */; };
		117C7D83249D12AE007AF7F2 /* ForecastTypeCollectionView.swift in Sources */ = {isa = PBXBuildFile; fileRef = 117C7D82249D12AE007AF7F2 /* ForecastTypeCollectionView.swift */; };
		118BC3D224A38F6700F7371E /* RealmLocation.swift in Sources */ = {isa = PBXBuildFile; fileRef = 118BC3D124A38F6700F7371E /* RealmLocation.swift */; };
		11A449B9249B7027002121DA /* credentials.plist in Resources */ = {isa = PBXBuildFile; fileRef = 11A449B8249B7027002121DA /* credentials.plist */; };
		11A449BE249B71E2002121DA /* Settings.swift in Sources */ = {isa = PBXBuildFile; fileRef = 11A449BD249B71E2002121DA /* Settings.swift */; };
		11A6D44B249D76580081CE48 /* APIProvider.swift in Sources */ = {isa = PBXBuildFile; fileRef = 11A6D44A249D76580081CE48 /* APIProvider.swift */; };
		11A6D44D249D7D8C0081CE48 /* OneCallForecast.swift in Sources */ = {isa = PBXBuildFile; fileRef = 11A6D44C249D7D8C0081CE48 /* OneCallForecast.swift */; };
		11B040A924A0F4BC00B7A47F /* HourlyForecastView.swift in Sources */ = {isa = PBXBuildFile; fileRef = 11B040A824A0F4BC00B7A47F /* HourlyForecastView.swift */; };
		11B040AB24A0F58D00B7A47F /* ColumnFlowLayout.swift in Sources */ = {isa = PBXBuildFile; fileRef = 11B040AA24A0F58D00B7A47F /* ColumnFlowLayout.swift */; };
		11B040AD24A1047100B7A47F /* HourlyForecastCell.swift in Sources */ = {isa = PBXBuildFile; fileRef = 11B040AC24A1047100B7A47F /* HourlyForecastCell.swift */; };
		11B040AF24A1811800B7A47F /* ForecastInfoScrollView.swift in Sources */ = {isa = PBXBuildFile; fileRef = 11B040AE24A1811800B7A47F /* ForecastInfoScrollView.swift */; };
		11B040B524A2173200B7A47F /* NextWeekForecastView.swift in Sources */ = {isa = PBXBuildFile; fileRef = 11B040B424A2173200B7A47F /* NextWeekForecastView.swift */; };
		11B040B724A2179100B7A47F /* SnapPagingLayout.swift in Sources */ = {isa = PBXBuildFile; fileRef = 11B040B624A2179100B7A47F /* SnapPagingLayout.swift */; };
		11B040B924A218D600B7A47F /* NextWeekForecastCell.swift in Sources */ = {isa = PBXBuildFile; fileRef = 11B040B824A218D600B7A47F /* NextWeekForecastCell.swift */; };
		11B040BB24A25E9600B7A47F /* DetailForecastView.swift in Sources */ = {isa = PBXBuildFile; fileRef = 11B040BA24A25E9600B7A47F /* DetailForecastView.swift */; };
		11C8E2FC24A96AF6004E8EBB /* MapView.swift in Sources */ = {isa = PBXBuildFile; fileRef = 11C8E2FB24A96AF6004E8EBB /* MapView.swift */; };
		11C8E2FE24A96B1E004E8EBB /* NotificationService.swift in Sources */ = {isa = PBXBuildFile; fileRef = 11C8E2FD24A96B1E004E8EBB /* NotificationService.swift */; };
		11C8E30124A96BCF004E8EBB /* SideMenuView.swift in Sources */ = {isa = PBXBuildFile; fileRef = 11C8E2FF24A96BCE004E8EBB /* SideMenuView.swift */; };
		11C8E30224A96BCF004E8EBB /* SideMenuCell.swift in Sources */ = {isa = PBXBuildFile; fileRef = 11C8E30024A96BCF004E8EBB /* SideMenuCell.swift */; };
		B7BD20406232647C3D3D3405 /* Pods_Chroma_Weather.framework in Frameworks */ = {isa = PBXBuildFile; fileRef = 07654DB099FFBED704AEE5B4 /* Pods_Chroma_Weather.framework */; };
/* End PBXBuildFile section */

/* Begin PBXFileReference section */
		07654DB099FFBED704AEE5B4 /* Pods_Chroma_Weather.framework */ = {isa = PBXFileReference; explicitFileType = wrapper.framework; includeInIndex = 0; path = Pods_Chroma_Weather.framework; sourceTree = BUILT_PRODUCTS_DIR; };
		1115D7D624A2845E008737B9 /* CommonForecastInfoScrollView.swift */ = {isa = PBXFileReference; lastKnownFileType = sourcecode.swift; path = CommonForecastInfoScrollView.swift; sourceTree = "<group>"; };
		1115D7D824A28542008737B9 /* DailyForecastInfoScrollView.swift */ = {isa = PBXFileReference; lastKnownFileType = sourcecode.swift; path = DailyForecastInfoScrollView.swift; sourceTree = "<group>"; };
		113F773F2499132F003AA0DF /* Chroma Weather.app */ = {isa = PBXFileReference; explicitFileType = wrapper.application; includeInIndex = 0; path = "Chroma Weather.app"; sourceTree = BUILT_PRODUCTS_DIR; };
		113F77422499132F003AA0DF /* AppDelegate.swift */ = {isa = PBXFileReference; lastKnownFileType = sourcecode.swift; path = AppDelegate.swift; sourceTree = "<group>"; };
		113F77442499132F003AA0DF /* SceneDelegate.swift */ = {isa = PBXFileReference; lastKnownFileType = sourcecode.swift; path = SceneDelegate.swift; sourceTree = "<group>"; };
		113F77462499132F003AA0DF /* SignInView.swift */ = {isa = PBXFileReference; lastKnownFileType = sourcecode.swift; path = SignInView.swift; sourceTree = "<group>"; };
		113F77492499132F003AA0DF /* Base */ = {isa = PBXFileReference; lastKnownFileType = file.storyboard; name = Base; path = Base.lproj/Main.storyboard; sourceTree = "<group>"; };
		113F774B24991336003AA0DF /* Assets.xcassets */ = {isa = PBXFileReference; lastKnownFileType = folder.assetcatalog; path = Assets.xcassets; sourceTree = "<group>"; };
		113F774E24991336003AA0DF /* Base */ = {isa = PBXFileReference; lastKnownFileType = file.storyboard; name = Base; path = Base.lproj/LaunchScreen.storyboard; sourceTree = "<group>"; };
		113F775024991336003AA0DF /* Info.plist */ = {isa = PBXFileReference; lastKnownFileType = text.plist.xml; path = Info.plist; sourceTree = "<group>"; };
		1142E4CD249E351600B8185B /* Forecast.swift */ = {isa = PBXFileReference; lastKnownFileType = sourcecode.swift; path = Forecast.swift; sourceTree = "<group>"; };
		1142E4CF249E6E4100B8185B /* Extensions.swift */ = {isa = PBXFileReference; lastKnownFileType = sourcecode.swift; path = Extensions.swift; sourceTree = "<group>"; };
		1143148A249BA25400F75B33 /* MainView.swift */ = {isa = PBXFileReference; lastKnownFileType = sourcecode.swift; path = MainView.swift; sourceTree = "<group>"; };
		114EA805249D178100C6EAF1 /* ForecastType.swift */ = {isa = PBXFileReference; lastKnownFileType = sourcecode.swift; path = ForecastType.swift; sourceTree = "<group>"; };
		114EA807249D1A9700C6EAF1 /* ForecastTypeCell.swift */ = {isa = PBXFileReference; lastKnownFileType = sourcecode.swift; path = ForecastTypeCell.swift; sourceTree = "<group>"; };
		114FB0D7249D019A003CC3FD /* MainViewModel.swift */ = {isa = PBXFileReference; lastKnownFileType = sourcecode.swift; path = MainViewModel.swift; sourceTree = "<group>"; };
		114FB0DA249D03F1003CC3FD /* OpenSans-Regular.ttf */ = {isa = PBXFileReference; lastKnownFileType = file; path = "OpenSans-Regular.ttf"; sourceTree = "<group>"; };
		114FB0DB249D03F1003CC3FD /* OpenSans-Bold.ttf */ = {isa = PBXFileReference; lastKnownFileType = file; path = "OpenSans-Bold.ttf"; sourceTree = "<group>"; };
		11746B9F24A96EC9003CD8F6 /* SideMenuItem.swift */ = {isa = PBXFileReference; lastKnownFileType = sourcecode.swift; path = SideMenuItem.swift; sourceTree = "<group>"; };
		11746BA124A97EFE003CD8F6 /* LocationStatus.swift */ = {isa = PBXFileReference; lastKnownFileType = sourcecode.swift; path = LocationStatus.swift; sourceTree = "<group>"; };
		117C7D80249D1024007AF7F2 /* WeatherInfoView.swift */ = {isa = PBXFileReference; lastKnownFileType = sourcecode.swift; path = WeatherInfoView.swift; sourceTree = "<group>"; };
		117C7D82249D12AE007AF7F2 /* ForecastTypeCollectionView.swift */ = {isa = PBXFileReference; lastKnownFileType = sourcecode.swift; path = ForecastTypeCollectionView.swift; sourceTree = "<group>"; };
		118BC3D124A38F6700F7371E /* RealmLocation.swift */ = {isa = PBXFileReference; lastKnownFileType = sourcecode.swift; path = RealmLocation.swift; sourceTree = "<group>"; };
		11A449B8249B7027002121DA /* credentials.plist */ = {isa = PBXFileReference; fileEncoding = 4; lastKnownFileType = text.plist.xml; path = credentials.plist; sourceTree = "<group>"; };
		11A449BD249B71E2002121DA /* Settings.swift */ = {isa = PBXFileReference; lastKnownFileType = sourcecode.swift; path = Settings.swift; sourceTree = "<group>"; };
		11A6D44A249D76580081CE48 /* APIProvider.swift */ = {isa = PBXFileReference; lastKnownFileType = sourcecode.swift; path = APIProvider.swift; sourceTree = "<group>"; };
		11A6D44C249D7D8C0081CE48 /* OneCallForecast.swift */ = {isa = PBXFileReference; lastKnownFileType = sourcecode.swift; path = OneCallForecast.swift; sourceTree = "<group>"; };
		11B040A824A0F4BC00B7A47F /* HourlyForecastView.swift */ = {isa = PBXFileReference; lastKnownFileType = sourcecode.swift; path = HourlyForecastView.swift; sourceTree = "<group>"; };
		11B040AA24A0F58D00B7A47F /* ColumnFlowLayout.swift */ = {isa = PBXFileReference; fileEncoding = 4; lastKnownFileType = sourcecode.swift; path = ColumnFlowLayout.swift; sourceTree = "<group>"; };
		11B040AC24A1047100B7A47F /* HourlyForecastCell.swift */ = {isa = PBXFileReference; lastKnownFileType = sourcecode.swift; path = HourlyForecastCell.swift; sourceTree = "<group>"; };
		11B040AE24A1811800B7A47F /* ForecastInfoScrollView.swift */ = {isa = PBXFileReference; lastKnownFileType = sourcecode.swift; path = ForecastInfoScrollView.swift; sourceTree = "<group>"; };
		11B040B424A2173200B7A47F /* NextWeekForecastView.swift */ = {isa = PBXFileReference; lastKnownFileType = sourcecode.swift; path = NextWeekForecastView.swift; sourceTree = "<group>"; };
		11B040B624A2179100B7A47F /* SnapPagingLayout.swift */ = {isa = PBXFileReference; fileEncoding = 4; lastKnownFileType = sourcecode.swift; path = SnapPagingLayout.swift; sourceTree = "<group>"; };
		11B040B824A218D600B7A47F /* NextWeekForecastCell.swift */ = {isa = PBXFileReference; lastKnownFileType = sourcecode.swift; path = NextWeekForecastCell.swift; sourceTree = "<group>"; };
		11B040BA24A25E9600B7A47F /* DetailForecastView.swift */ = {isa = PBXFileReference; lastKnownFileType = sourcecode.swift; path = DetailForecastView.swift; sourceTree = "<group>"; };
		11C8E2FB24A96AF6004E8EBB /* MapView.swift */ = {isa = PBXFileReference; lastKnownFileType = sourcecode.swift; path = MapView.swift; sourceTree = "<group>"; };
		11C8E2FD24A96B1E004E8EBB /* NotificationService.swift */ = {isa = PBXFileReference; fileEncoding = 4; lastKnownFileType = sourcecode.swift; path = NotificationService.swift; sourceTree = "<group>"; };
		11C8E2FF24A96BCE004E8EBB /* SideMenuView.swift */ = {isa = PBXFileReference; fileEncoding = 4; lastKnownFileType = sourcecode.swift; path = SideMenuView.swift; sourceTree = "<group>"; };
		11C8E30024A96BCF004E8EBB /* SideMenuCell.swift */ = {isa = PBXFileReference; fileEncoding = 4; lastKnownFileType = sourcecode.swift; path = SideMenuCell.swift; sourceTree = "<group>"; };
		8F08A8A046340EA022D63922 /* Pods-Chroma Weather.debug.xcconfig */ = {isa = PBXFileReference; includeInIndex = 1; lastKnownFileType = text.xcconfig; name = "Pods-Chroma Weather.debug.xcconfig"; path = "Target Support Files/Pods-Chroma Weather/Pods-Chroma Weather.debug.xcconfig"; sourceTree = "<group>"; };
		BA8425B6D2F0347A23B989FB /* Pods-Chroma Weather.release.xcconfig */ = {isa = PBXFileReference; includeInIndex = 1; lastKnownFileType = text.xcconfig; name = "Pods-Chroma Weather.release.xcconfig"; path = "Target Support Files/Pods-Chroma Weather/Pods-Chroma Weather.release.xcconfig"; sourceTree = "<group>"; };
/* End PBXFileReference section */

/* Begin PBXFrameworksBuildPhase section */
		113F773C2499132F003AA0DF /* Frameworks */ = {
			isa = PBXFrameworksBuildPhase;
			buildActionMask = 2147483647;
			files = (
				B7BD20406232647C3D3D3405 /* Pods_Chroma_Weather.framework in Frameworks */,
			);
			runOnlyForDeploymentPostprocessing = 0;
		};
/* End PBXFrameworksBuildPhase section */

/* Begin PBXGroup section */
		1115D7D524A28419008737B9 /* ForecastInfoScrollView */ = {
			isa = PBXGroup;
			children = (
				11C8E30324A96BD4004E8EBB /* Side menu */,
				11B040AE24A1811800B7A47F /* ForecastInfoScrollView.swift */,
				1115D7D624A2845E008737B9 /* CommonForecastInfoScrollView.swift */,
				1115D7D824A28542008737B9 /* DailyForecastInfoScrollView.swift */,
			);
			path = ForecastInfoScrollView;
			sourceTree = "<group>";
		};
		113F77362499132F003AA0DF = {
			isa = PBXGroup;
			children = (
				113F77412499132F003AA0DF /* Chroma Weather */,
				113F77402499132F003AA0DF /* Products */,
				22FD5CA88E9473E0D26A32E9 /* Pods */,
				629AA29B61B32B28C1FDA75E /* Frameworks */,
			);
			sourceTree = "<group>";
		};
		113F77402499132F003AA0DF /* Products */ = {
			isa = PBXGroup;
			children = (
				113F773F2499132F003AA0DF /* Chroma Weather.app */,
			);
			name = Products;
			sourceTree = "<group>";
		};
		113F77412499132F003AA0DF /* Chroma Weather */ = {
			isa = PBXGroup;
			children = (
				1142E4D1249E7A6300B8185B /* ViewModel */,
				114EA804249D176B00C6EAF1 /* Model */,
				114FB0D9249D033C003CC3FD /* Fonts */,
				11A449BC249B71AC002121DA /* Services */,
				11A449BB249B7185002121DA /* Helpers */,
				11A449BA249B715C002121DA /* View */,
				113F77422499132F003AA0DF /* AppDelegate.swift */,
				113F77442499132F003AA0DF /* SceneDelegate.swift */,
				113F77482499132F003AA0DF /* Main.storyboard */,
				113F774B24991336003AA0DF /* Assets.xcassets */,
				113F774D24991336003AA0DF /* LaunchScreen.storyboard */,
				113F775024991336003AA0DF /* Info.plist */,
				11A449B8249B7027002121DA /* credentials.plist */,
			);
			path = "Chroma Weather";
			sourceTree = "<group>";
		};
		1142E4D1249E7A6300B8185B /* ViewModel */ = {
			isa = PBXGroup;
			children = (
				114FB0D7249D019A003CC3FD /* MainViewModel.swift */,
			);
			path = ViewModel;
			sourceTree = "<group>";
		};
		114EA804249D176B00C6EAF1 /* Model */ = {
			isa = PBXGroup;
			children = (
				11B76CF324A3B89E0035C62D /* Realm Models */,
				114EA805249D178100C6EAF1 /* ForecastType.swift */,
				11A6D44C249D7D8C0081CE48 /* OneCallForecast.swift */,
				1142E4CD249E351600B8185B /* Forecast.swift */,
				11746B9F24A96EC9003CD8F6 /* SideMenuItem.swift */,
				11746BA124A97EFE003CD8F6 /* LocationStatus.swift */,
			);
			path = Model;
			sourceTree = "<group>";
		};
		114FB0D9249D033C003CC3FD /* Fonts */ = {
			isa = PBXGroup;
			children = (
				114FB0DB249D03F1003CC3FD /* OpenSans-Bold.ttf */,
				114FB0DA249D03F1003CC3FD /* OpenSans-Regular.ttf */,
			);
			path = Fonts;
			sourceTree = "<group>";
		};
		117C7D7F249D0FF8007AF7F2 /* MainView */ = {
			isa = PBXGroup;
			children = (
				1143148A249BA25400F75B33 /* MainView.swift */,
				117C7D80249D1024007AF7F2 /* WeatherInfoView.swift */,
				117C7D82249D12AE007AF7F2 /* ForecastTypeCollectionView.swift */,
				114EA807249D1A9700C6EAF1 /* ForecastTypeCell.swift */,
				11B040A824A0F4BC00B7A47F /* HourlyForecastView.swift */,
				11B040AC24A1047100B7A47F /* HourlyForecastCell.swift */,
				11B040B424A2173200B7A47F /* NextWeekForecastView.swift */,
				11B040B824A218D600B7A47F /* NextWeekForecastCell.swift */,
				1115D7D524A28419008737B9 /* ForecastInfoScrollView */,
			);
			path = MainView;
			sourceTree = "<group>";
		};
		11A449BA249B715C002121DA /* View */ = {
			isa = PBXGroup;
			children = (
				113F77462499132F003AA0DF /* SignInView.swift */,
				11B040BA24A25E9600B7A47F /* DetailForecastView.swift */,
				11C8E2FB24A96AF6004E8EBB /* MapView.swift */,
				117C7D7F249D0FF8007AF7F2 /* MainView */,
			);
			path = View;
			sourceTree = "<group>";
		};
		11A449BB249B7185002121DA /* Helpers */ = {
			isa = PBXGroup;
			children = (
				1142E4CF249E6E4100B8185B /* Extensions.swift */,
				11B040AA24A0F58D00B7A47F /* ColumnFlowLayout.swift */,
				11B040B624A2179100B7A47F /* SnapPagingLayout.swift */,
			);
			path = Helpers;
			sourceTree = "<group>";
		};
		11A449BC249B71AC002121DA /* Services */ = {
			isa = PBXGroup;
			children = (
				11C8E2FD24A96B1E004E8EBB /* NotificationService.swift */,
				11A449BD249B71E2002121DA /* Settings.swift */,
				11A6D44A249D76580081CE48 /* APIProvider.swift */,
			);
			path = Services;
			sourceTree = "<group>";
		};
		11B76CF324A3B89E0035C62D /* Realm Models */ = {
			isa = PBXGroup;
			children = (
				118BC3D124A38F6700F7371E /* RealmLocation.swift */,
			);
			path = "Realm Models";
			sourceTree = "<group>";
		};
		11C8E30324A96BD4004E8EBB /* Side menu */ = {
			isa = PBXGroup;
			children = (
				11C8E2FF24A96BCE004E8EBB /* SideMenuView.swift */,
				11C8E30024A96BCF004E8EBB /* SideMenuCell.swift */,
			);
			path = "Side menu";
			sourceTree = "<group>";
		};
		22FD5CA88E9473E0D26A32E9 /* Pods */ = {
			isa = PBXGroup;
			children = (
				8F08A8A046340EA022D63922 /* Pods-Chroma Weather.debug.xcconfig */,
				BA8425B6D2F0347A23B989FB /* Pods-Chroma Weather.release.xcconfig */,
			);
			path = Pods;
			sourceTree = "<group>";
		};
		629AA29B61B32B28C1FDA75E /* Frameworks */ = {
			isa = PBXGroup;
			children = (
				07654DB099FFBED704AEE5B4 /* Pods_Chroma_Weather.framework */,
			);
			name = Frameworks;
			sourceTree = "<group>";
		};
/* End PBXGroup section */

/* Begin PBXNativeTarget section */
		113F773E2499132F003AA0DF /* Chroma Weather */ = {
			isa = PBXNativeTarget;
			buildConfigurationList = 113F775324991336003AA0DF /* Build configuration list for PBXNativeTarget "Chroma Weather" */;
			buildPhases = (
				B1E530DF914B3AE0EA1DC7FE /* [CP] Check Pods Manifest.lock */,
				113F773B2499132F003AA0DF /* Sources */,
				113F773C2499132F003AA0DF /* Frameworks */,
				113F773D2499132F003AA0DF /* Resources */,
				05B5847A5ACA83B59E0EA3B5 /* [CP] Embed Pods Frameworks */,
				603F7D0E800EDDE5437C979A /* [CP] Copy Pods Resources */,
			);
			buildRules = (
			);
			dependencies = (
			);
			name = "Chroma Weather";
			productName = "Chroma Weather";
			productReference = 113F773F2499132F003AA0DF /* Chroma Weather.app */;
			productType = "com.apple.product-type.application";
		};
/* End PBXNativeTarget section */

/* Begin PBXProject section */
		113F77372499132F003AA0DF /* Project object */ = {
			isa = PBXProject;
			attributes = {
				LastSwiftUpdateCheck = 1150;
				LastUpgradeCheck = 1150;
				ORGANIZATIONNAME = Vyacheslav;
				TargetAttributes = {
					113F773E2499132F003AA0DF = {
						CreatedOnToolsVersion = 11.5;
					};
				};
			};
			buildConfigurationList = 113F773A2499132F003AA0DF /* Build configuration list for PBXProject "Chroma Weather" */;
			compatibilityVersion = "Xcode 9.3";
			developmentRegion = en;
			hasScannedForEncodings = 0;
			knownRegions = (
				en,
				Base,
			);
			mainGroup = 113F77362499132F003AA0DF;
			productRefGroup = 113F77402499132F003AA0DF /* Products */;
			projectDirPath = "";
			projectRoot = "";
			targets = (
				113F773E2499132F003AA0DF /* Chroma Weather */,
			);
		};
/* End PBXProject section */

/* Begin PBXResourcesBuildPhase section */
		113F773D2499132F003AA0DF /* Resources */ = {
			isa = PBXResourcesBuildPhase;
			buildActionMask = 2147483647;
			files = (
				114FB0DC249D03F1003CC3FD /* OpenSans-Regular.ttf in Resources */,
				113F774F24991336003AA0DF /* LaunchScreen.storyboard in Resources */,
				114FB0DD249D03F1003CC3FD /* OpenSans-Bold.ttf in Resources */,
				11A449B9249B7027002121DA /* credentials.plist in Resources */,
				113F774C24991336003AA0DF /* Assets.xcassets in Resources */,
				113F774A2499132F003AA0DF /* Main.storyboard in Resources */,
			);
			runOnlyForDeploymentPostprocessing = 0;
		};
/* End PBXResourcesBuildPhase section */

/* Begin PBXShellScriptBuildPhase section */
		05B5847A5ACA83B59E0EA3B5 /* [CP] Embed Pods Frameworks */ = {
			isa = PBXShellScriptBuildPhase;
			buildActionMask = 2147483647;
			files = (
			);
			inputFileListPaths = (
				"${PODS_ROOT}/Target Support Files/Pods-Chroma Weather/Pods-Chroma Weather-frameworks-${CONFIGURATION}-input-files.xcfilelist",
			);
			name = "[CP] Embed Pods Frameworks";
			outputFileListPaths = (
				"${PODS_ROOT}/Target Support Files/Pods-Chroma Weather/Pods-Chroma Weather-frameworks-${CONFIGURATION}-output-files.xcfilelist",
			);
			runOnlyForDeploymentPostprocessing = 0;
			shellPath = /bin/sh;
			shellScript = "\"${PODS_ROOT}/Target Support Files/Pods-Chroma Weather/Pods-Chroma Weather-frameworks.sh\"\n";
			showEnvVarsInLog = 0;
		};
		603F7D0E800EDDE5437C979A /* [CP] Copy Pods Resources */ = {
			isa = PBXShellScriptBuildPhase;
			buildActionMask = 2147483647;
			files = (
			);
			inputFileListPaths = (
				"${PODS_ROOT}/Target Support Files/Pods-Chroma Weather/Pods-Chroma Weather-resources-${CONFIGURATION}-input-files.xcfilelist",
			);
			name = "[CP] Copy Pods Resources";
			outputFileListPaths = (
				"${PODS_ROOT}/Target Support Files/Pods-Chroma Weather/Pods-Chroma Weather-resources-${CONFIGURATION}-output-files.xcfilelist",
			);
			runOnlyForDeploymentPostprocessing = 0;
			shellPath = /bin/sh;
			shellScript = "\"${PODS_ROOT}/Target Support Files/Pods-Chroma Weather/Pods-Chroma Weather-resources.sh\"\n";
			showEnvVarsInLog = 0;
		};
		B1E530DF914B3AE0EA1DC7FE /* [CP] Check Pods Manifest.lock */ = {
			isa = PBXShellScriptBuildPhase;
			buildActionMask = 2147483647;
			files = (
			);
			inputFileListPaths = (
			);
			inputPaths = (
				"${PODS_PODFILE_DIR_PATH}/Podfile.lock",
				"${PODS_ROOT}/Manifest.lock",
			);
			name = "[CP] Check Pods Manifest.lock";
			outputFileListPaths = (
			);
			outputPaths = (
				"$(DERIVED_FILE_DIR)/Pods-Chroma Weather-checkManifestLockResult.txt",
			);
			runOnlyForDeploymentPostprocessing = 0;
			shellPath = /bin/sh;
			shellScript = "diff \"${PODS_PODFILE_DIR_PATH}/Podfile.lock\" \"${PODS_ROOT}/Manifest.lock\" > /dev/null\nif [ $? != 0 ] ; then\n    # print error to STDERR\n    echo \"error: The sandbox is not in sync with the Podfile.lock. Run 'pod install' or update your CocoaPods installation.\" >&2\n    exit 1\nfi\n# This output is used by Xcode 'outputs' to avoid re-running this script phase.\necho \"SUCCESS\" > \"${SCRIPT_OUTPUT_FILE_0}\"\n";
			showEnvVarsInLog = 0;
		};
/* End PBXShellScriptBuildPhase section */

/* Begin PBXSourcesBuildPhase section */
		113F773B2499132F003AA0DF /* Sources */ = {
			isa = PBXSourcesBuildPhase;
			buildActionMask = 2147483647;
			files = (
				113F77472499132F003AA0DF /* SignInView.swift in Sources */,
				1115D7D724A2845E008737B9 /* CommonForecastInfoScrollView.swift in Sources */,
				1143148B249BA25400F75B33 /* MainView.swift in Sources */,
				11B040AF24A1811800B7A47F /* ForecastInfoScrollView.swift in Sources */,
				11C8E2FE24A96B1E004E8EBB /* NotificationService.swift in Sources */,
				113F77432499132F003AA0DF /* AppDelegate.swift in Sources */,
				11B040B524A2173200B7A47F /* NextWeekForecastView.swift in Sources */,
				11A449BE249B71E2002121DA /* Settings.swift in Sources */,
				118BC3D224A38F6700F7371E /* RealmLocation.swift in Sources */,
				11A6D44D249D7D8C0081CE48 /* OneCallForecast.swift in Sources */,
				11B040B724A2179100B7A47F /* SnapPagingLayout.swift in Sources */,
				11B040AB24A0F58D00B7A47F /* ColumnFlowLayout.swift in Sources */,
				113F77452499132F003AA0DF /* SceneDelegate.swift in Sources */,
				114EA806249D178100C6EAF1 /* ForecastType.swift in Sources */,
				11C8E30224A96BCF004E8EBB /* SideMenuCell.swift in Sources */,
				1142E4CE249E351600B8185B /* Forecast.swift in Sources */,
				114EA808249D1A9700C6EAF1 /* ForecastTypeCell.swift in Sources */,
				114FB0D8249D019A003CC3FD /* MainViewModel.swift in Sources */,
				11B040B924A218D600B7A47F /* NextWeekForecastCell.swift in Sources */,
				11C8E2FC24A96AF6004E8EBB /* MapView.swift in Sources */,
				117C7D83249D12AE007AF7F2 /* ForecastTypeCollectionView.swift in Sources */,
				117C7D81249D1024007AF7F2 /* WeatherInfoView.swift in Sources */,
				11A6D44B249D76580081CE48 /* APIProvider.swift in Sources */,
				11C8E30124A96BCF004E8EBB /* SideMenuView.swift in Sources */,
				11B040BB24A25E9600B7A47F /* DetailForecastView.swift in Sources */,
				1115D7D924A28542008737B9 /* DailyForecastInfoScrollView.swift in Sources */,
				11746BA024A96EC9003CD8F6 /* SideMenuItem.swift in Sources */,
				11B040AD24A1047100B7A47F /* HourlyForecastCell.swift in Sources */,
				11746BA224A97EFE003CD8F6 /* LocationStatus.swift in Sources */,
				1142E4D0249E6E4100B8185B /* Extensions.swift in Sources */,
				11B040A924A0F4BC00B7A47F /* HourlyForecastView.swift in Sources */,
			);
			runOnlyForDeploymentPostprocessing = 0;
		};
/* End PBXSourcesBuildPhase section */

/* Begin PBXVariantGroup section */
		113F77482499132F003AA0DF /* Main.storyboard */ = {
			isa = PBXVariantGroup;
			children = (
				113F77492499132F003AA0DF /* Base */,
			);
			name = Main.storyboard;
			sourceTree = "<group>";
		};
		113F774D24991336003AA0DF /* LaunchScreen.storyboard */ = {
			isa = PBXVariantGroup;
			children = (
				113F774E24991336003AA0DF /* Base */,
			);
			name = LaunchScreen.storyboard;
			sourceTree = "<group>";
		};
/* End PBXVariantGroup section */

/* Begin XCBuildConfiguration section */
		113F775124991336003AA0DF /* Debug */ = {
			isa = XCBuildConfiguration;
			buildSettings = {
				ALWAYS_SEARCH_USER_PATHS = NO;
				CLANG_ANALYZER_NONNULL = YES;
				CLANG_ANALYZER_NUMBER_OBJECT_CONVERSION = YES_AGGRESSIVE;
				CLANG_CXX_LANGUAGE_STANDARD = "gnu++14";
				CLANG_CXX_LIBRARY = "libc++";
				CLANG_ENABLE_MODULES = YES;
				CLANG_ENABLE_OBJC_ARC = YES;
				CLANG_ENABLE_OBJC_WEAK = YES;
				CLANG_WARN_BLOCK_CAPTURE_AUTORELEASING = YES;
				CLANG_WARN_BOOL_CONVERSION = YES;
				CLANG_WARN_COMMA = YES;
				CLANG_WARN_CONSTANT_CONVERSION = YES;
				CLANG_WARN_DEPRECATED_OBJC_IMPLEMENTATIONS = YES;
				CLANG_WARN_DIRECT_OBJC_ISA_USAGE = YES_ERROR;
				CLANG_WARN_DOCUMENTATION_COMMENTS = YES;
				CLANG_WARN_EMPTY_BODY = YES;
				CLANG_WARN_ENUM_CONVERSION = YES;
				CLANG_WARN_INFINITE_RECURSION = YES;
				CLANG_WARN_INT_CONVERSION = YES;
				CLANG_WARN_NON_LITERAL_NULL_CONVERSION = YES;
				CLANG_WARN_OBJC_IMPLICIT_RETAIN_SELF = YES;
				CLANG_WARN_OBJC_LITERAL_CONVERSION = YES;
				CLANG_WARN_OBJC_ROOT_CLASS = YES_ERROR;
				CLANG_WARN_RANGE_LOOP_ANALYSIS = YES;
				CLANG_WARN_STRICT_PROTOTYPES = YES;
				CLANG_WARN_SUSPICIOUS_MOVE = YES;
				CLANG_WARN_UNGUARDED_AVAILABILITY = YES_AGGRESSIVE;
				CLANG_WARN_UNREACHABLE_CODE = YES;
				CLANG_WARN__DUPLICATE_METHOD_MATCH = YES;
				COPY_PHASE_STRIP = NO;
				DEBUG_INFORMATION_FORMAT = dwarf;
				ENABLE_STRICT_OBJC_MSGSEND = YES;
				ENABLE_TESTABILITY = YES;
				GCC_C_LANGUAGE_STANDARD = gnu11;
				GCC_DYNAMIC_NO_PIC = NO;
				GCC_NO_COMMON_BLOCKS = YES;
				GCC_OPTIMIZATION_LEVEL = 0;
				GCC_PREPROCESSOR_DEFINITIONS = (
					"DEBUG=1",
					"$(inherited)",
				);
				GCC_WARN_64_TO_32_BIT_CONVERSION = YES;
				GCC_WARN_ABOUT_RETURN_TYPE = YES_ERROR;
				GCC_WARN_UNDECLARED_SELECTOR = YES;
				GCC_WARN_UNINITIALIZED_AUTOS = YES_AGGRESSIVE;
				GCC_WARN_UNUSED_FUNCTION = YES;
				GCC_WARN_UNUSED_VARIABLE = YES;
				IPHONEOS_DEPLOYMENT_TARGET = 13.5;
				MTL_ENABLE_DEBUG_INFO = INCLUDE_SOURCE;
				MTL_FAST_MATH = YES;
				ONLY_ACTIVE_ARCH = YES;
				SDKROOT = iphoneos;
				SWIFT_ACTIVE_COMPILATION_CONDITIONS = DEBUG;
				SWIFT_OPTIMIZATION_LEVEL = "-Onone";
			};
			name = Debug;
		};
		113F775224991336003AA0DF /* Release */ = {
			isa = XCBuildConfiguration;
			buildSettings = {
				ALWAYS_SEARCH_USER_PATHS = NO;
				CLANG_ANALYZER_NONNULL = YES;
				CLANG_ANALYZER_NUMBER_OBJECT_CONVERSION = YES_AGGRESSIVE;
				CLANG_CXX_LANGUAGE_STANDARD = "gnu++14";
				CLANG_CXX_LIBRARY = "libc++";
				CLANG_ENABLE_MODULES = YES;
				CLANG_ENABLE_OBJC_ARC = YES;
				CLANG_ENABLE_OBJC_WEAK = YES;
				CLANG_WARN_BLOCK_CAPTURE_AUTORELEASING = YES;
				CLANG_WARN_BOOL_CONVERSION = YES;
				CLANG_WARN_COMMA = YES;
				CLANG_WARN_CONSTANT_CONVERSION = YES;
				CLANG_WARN_DEPRECATED_OBJC_IMPLEMENTATIONS = YES;
				CLANG_WARN_DIRECT_OBJC_ISA_USAGE = YES_ERROR;
				CLANG_WARN_DOCUMENTATION_COMMENTS = YES;
				CLANG_WARN_EMPTY_BODY = YES;
				CLANG_WARN_ENUM_CONVERSION = YES;
				CLANG_WARN_INFINITE_RECURSION = YES;
				CLANG_WARN_INT_CONVERSION = YES;
				CLANG_WARN_NON_LITERAL_NULL_CONVERSION = YES;
				CLANG_WARN_OBJC_IMPLICIT_RETAIN_SELF = YES;
				CLANG_WARN_OBJC_LITERAL_CONVERSION = YES;
				CLANG_WARN_OBJC_ROOT_CLASS = YES_ERROR;
				CLANG_WARN_RANGE_LOOP_ANALYSIS = YES;
				CLANG_WARN_STRICT_PROTOTYPES = YES;
				CLANG_WARN_SUSPICIOUS_MOVE = YES;
				CLANG_WARN_UNGUARDED_AVAILABILITY = YES_AGGRESSIVE;
				CLANG_WARN_UNREACHABLE_CODE = YES;
				CLANG_WARN__DUPLICATE_METHOD_MATCH = YES;
				COPY_PHASE_STRIP = NO;
				DEBUG_INFORMATION_FORMAT = "dwarf-with-dsym";
				ENABLE_NS_ASSERTIONS = NO;
				ENABLE_STRICT_OBJC_MSGSEND = YES;
				GCC_C_LANGUAGE_STANDARD = gnu11;
				GCC_NO_COMMON_BLOCKS = YES;
				GCC_WARN_64_TO_32_BIT_CONVERSION = YES;
				GCC_WARN_ABOUT_RETURN_TYPE = YES_ERROR;
				GCC_WARN_UNDECLARED_SELECTOR = YES;
				GCC_WARN_UNINITIALIZED_AUTOS = YES_AGGRESSIVE;
				GCC_WARN_UNUSED_FUNCTION = YES;
				GCC_WARN_UNUSED_VARIABLE = YES;
				IPHONEOS_DEPLOYMENT_TARGET = 13.5;
				MTL_ENABLE_DEBUG_INFO = NO;
				MTL_FAST_MATH = YES;
				SDKROOT = iphoneos;
				SWIFT_COMPILATION_MODE = wholemodule;
				SWIFT_OPTIMIZATION_LEVEL = "-O";
				VALIDATE_PRODUCT = YES;
			};
			name = Release;
		};
		113F775424991336003AA0DF /* Debug */ = {
			isa = XCBuildConfiguration;
			baseConfigurationReference = 8F08A8A046340EA022D63922 /* Pods-Chroma Weather.debug.xcconfig */;
			buildSettings = {
				ASSETCATALOG_COMPILER_APPICON_NAME = AppIcon;
				CODE_SIGN_STYLE = Automatic;
				DEVELOPMENT_TEAM = 6BX938D4RR;
				INFOPLIST_FILE = "Chroma Weather/Info.plist";
				IPHONEOS_DEPLOYMENT_TARGET = 11.0;
				LD_RUNPATH_SEARCH_PATHS = (
					"$(inherited)",
					"@executable_path/Frameworks",
				);
				PRODUCT_BUNDLE_IDENTIFIER = "app.Chroma-Weather";
				PRODUCT_NAME = "$(TARGET_NAME)";
				SWIFT_VERSION = 5.0;
				TARGETED_DEVICE_FAMILY = 1;
			};
			name = Debug;
		};
		113F775524991336003AA0DF /* Release */ = {
			isa = XCBuildConfiguration;
			baseConfigurationReference = BA8425B6D2F0347A23B989FB /* Pods-Chroma Weather.release.xcconfig */;
			buildSettings = {
				ASSETCATALOG_COMPILER_APPICON_NAME = AppIcon;
				CODE_SIGN_STYLE = Automatic;
				DEVELOPMENT_TEAM = 6BX938D4RR;
				INFOPLIST_FILE = "Chroma Weather/Info.plist";
				IPHONEOS_DEPLOYMENT_TARGET = 11.0;
				LD_RUNPATH_SEARCH_PATHS = (
					"$(inherited)",
					"@executable_path/Frameworks",
				);
				PRODUCT_BUNDLE_IDENTIFIER = "app.Chroma-Weather";
				PRODUCT_NAME = "$(TARGET_NAME)";
				SWIFT_VERSION = 5.0;
				TARGETED_DEVICE_FAMILY = 1;
			};
			name = Release;
		};
/* End XCBuildConfiguration section */

/* Begin XCConfigurationList section */
		113F773A2499132F003AA0DF /* Build configuration list for PBXProject "Chroma Weather" */ = {
			isa = XCConfigurationList;
			buildConfigurations = (
				113F775124991336003AA0DF /* Debug */,
				113F775224991336003AA0DF /* Release */,
			);
			defaultConfigurationIsVisible = 0;
			defaultConfigurationName = Release;
		};
		113F775324991336003AA0DF /* Build configuration list for PBXNativeTarget "Chroma Weather" */ = {
			isa = XCConfigurationList;
			buildConfigurations = (
				113F775424991336003AA0DF /* Debug */,
				113F775524991336003AA0DF /* Release */,
			);
			defaultConfigurationIsVisible = 0;
			defaultConfigurationName = Release;
		};
/* End XCConfigurationList section */
	};
	rootObject = 113F77372499132F003AA0DF /* Project object */;
}
